github.com/dgrijalva/jwt-go v3.2.0+incompatible h1:7qlOGliEKZXTDg6OTjfoBKDXWrumCAMpl/TFQ4/5kLM=
github.com/dgrijalva/jwt-go v3.2.0+incompatible/go.mod h1:E3ru+11k8xSBh+hMPgOLZmtrrCbhqsmaPHjLKYnJCaQ=
github.com/mattn/go-sqlite3 v1.14.6/go.mod h1:NyWgC/yNuGj7Q9rpYnZvas74GogHl5/Z4A/KQRfk6bU=
github.com/mattn/go-sqlite3 v1.14.7 h1:fxWBnXkxfM6sRiuH3bqJ4CfzZojMOLVc0UTsTglEghA=
github.com/mattn/go-sqlite3 v1.14.7/go.mod h1:NyWgC/yNuGj7Q9rpYnZvas74GogHl5/Z4A/KQRfk6bU=
github.com/paulfdunn/authJWT v0.6.0 h1:lDYNFZxF2d4iHNb7gA9g5AE0t9JLxyI8oAojX4GtEQQ=
github.com/paulfdunn/authJWT v0.6.0/go.mod h1:3zsV/REQbFOVTSINwLxIWJEjvN3ykw0zn4Xf8JND7JU=
github.com/paulfdunn/db v0.2.1/go.mod h1:Df/1zJ3u9Q1EBnk4C2nASSNksWW8/uC5c7krcxRk9FA=
github.com/paulfdunn/db v0.2.2 h1:dBdAGexbmBfjqSYAok+zXPSdGicsScUbsMCOl9LV9p8=
github.com/paulfdunn/db v0.2.2/go.mod h1:EdX8YG8qLkq2E+ZqRVmqkZKlb31nbl65JkKSFVIfwDE=
github.com/paulfdunn/logh v0.2.8 h1:RUwnr5/6PulxA5jT/CNjjJJImx92WPyjvbiwIFCjbD0=
github.com/paulfdunn/logh v0.2.8/go.mod h1:ssWlcOLLlVWXG4AY+1oB/0MOVdahgfVibvia7s6uwzc=
github.com/paulfdunn/neth v0.1.2 h1:emeRsSTAcggndvwNjPX1pNaqetPWO/Rzs/+VVVty8lg=
github.com/paulfdunn/neth v0.1.2/go.mod h1:4i22d4i9Xp0l9tOqz6GYOB++BbJ7ed9cgCPtstb7ASc=
github.com/paulfdunn/osh v0.1.0/go.mod h1:kIH+neymml6oX08vwas5j1ICEQ/LjGwTsaZfUXuKUmA=
github.com/paulfdunn/osh v0.1.1 h1:7t3ogtyw88a4cp5zAKV2BRweLBFMKWxvvjj34140zEI=
github.com/paulfdunn/osh v0.1.1/go.mod h1:kIH+neymml6oX08vwas5j1ICEQ/LjGwTsaZfUXuKUmA=
github.com/paulfdunn/rest-app-common v0.0.1 h1:9qyuEgQg5ysYkMkB+slGamSNMopRHWekv6nlpU3W3hw=
github.com/paulfdunn/rest-app-common v0.0.1/go.mod h1:ojy5/VjOsiAlgYACLScvbn2TKlgRTrFGrtvhjngFpw4=
golang.org/x/crypto v0.0.0-20210415154028-4f45737414dc/go.mod h1:T9bdIzuCu7OtxOm1hfPfRQxPLYneinmdGuTeoZ9dtd4=
golang.org/x/crypto v0.0.0-20210421170649-83a5a9bb288b h1:7mWr3k41Qtv8XlltBkDkl8LoP3mpSgBW8BUoxtEdbXg=
golang.org/x/crypto v0.0.0-20210421170649-83a5a9bb288b/go.mod h1:T9bdIzuCu7OtxOm1hfPfRQxPLYneinmdGuTeoZ9dtd4=
golang.org/x/net v0.0.0-20210226172049-e18ecbb05110/go.mod h1:m0MpNAwzfU5UDzcl9v0D8zg8gWTRqZa9RBIspLL5mdg=
golang.org/x/sys v0.0.0-20201119102817-f84b799fce68/go.mod h1:h1NjWce9XRLGQEsW7wpKNCjG9DtNlClVuFLEZdDNbEs=
golang.org/x/term v0.0.0-20201126162022-7de9c90e9dd1/go.mod h1:bj7SfCRtBDWHUb9snDiAeCFNEtKQo2Wmx5Cou7ajbmo=
golang.org/x/text v0.3.3/go.mod h1:5Zoc/QRtKVWzQhOtBMvqHzDpF6irO9z98xDceosuGiQ=
golang.org/x/tools v0.0.0-20180917221912-90fa682c2a6e/go.mod h1:n7NCudcB/nEzxVGmLbDWY5pfWTLqBcC2KZ6jyYvM4mQ=
